
Microsoft Visual Studio Solution File, Format Version 12.00
# Visual Studio Version 16
VisualStudioVersion = 16.0.30406.217
MinimumVisualStudioVersion = 10.0.40219.1
Project("{8BC9CEB8-8B4A-11D0-8D11-00A0C91BC942}") = "Project1", "Project1\Project1.vcxproj", "{DC250ADE-3FC8-45E8-ABD7-9A7F6DFCBE88}"
EndProject
Global
	GlobalSection(SolutionConfigurationPlatforms) = preSolution
		Debug|x64 = Debug|x64
		Debug|x86 = Debug|x86
		Release|x64 = Release|x64
		Release|x86 = Release|x86
	EndGlobalSection
	GlobalSection(ProjectConfigurationPlatforms) = postSolution
		{DC250ADE-3FC8-45E8-ABD7-9A7F6DFCBE88}.Debug|x64.ActiveCfg = Debug|x64
		{DC250ADE-3FC8-45E8-ABD7-9A7F6DFCBE88}.Debug|x64.Build.0 = Debug|x64
		{DC250ADE-3FC8-45E8-ABD7-9A7F6DFCBE88}.Debug|x86.ActiveCfg = Debug|Win32
		{DC250ADE-3FC8-45E8-ABD7-9A7F6DFCBE88}.Debug|x86.Build.0 = Debug|Win32
		{DC250ADE-3FC8-45E8-ABD7-9A7F6DFCBE88}.Release|x64.ActiveCfg = Release|x64
		{DC250ADE-3FC8-45E8-ABD7-9A7F6DFCBE88}.Release|x64.Build.0 = Release|x64
		{DC250ADE-3FC8-45E8-ABD7-9A7F6DFCBE88}.Release|x86.ActiveCfg = Release|Win32
		{DC250ADE-3FC8-45E8-ABD7-9A7F6DFCBE88}.Release|x86.Build.0 = Release|Win32
	EndGlobalSection
	GlobalSection(SolutionProperties) = preSolution
		HideSolutionNode = FALSE
	EndGlobalSection
	GlobalSection(ExtensibilityGlobals) = postSolution
		SolutionGuid = {FF727925-DEF7-4E0E-A5C4-22E31C4D74E2}
	EndGlobalSection
EndGlobal
